
Microsoft Visual Studio Solution File, Format Version 12.00
# Visual Studio 14
VisualStudioVersion = 14.0.25420.1
MinimumVisualStudioVersion = 10.0.40219.1
Project("{FAE04EC0-301F-11D3-BF4B-00C04F79EFBC}") = "AppWorksService.Properties", "AppWorksService.Properties\AppWorksService.Properties.csproj", "{A708EB9C-2ACF-42F6-BF94-401B9098C2D3}"
EndProject
Project("{FAE04EC0-301F-11D3-BF4B-00C04F79EFBC}") = "AppWorksService.DAL", "AppWorksService.DAL\AppWorksService.DAL.csproj", "{677AF0B1-53BE-4DA4-BAC4-33B932AC8A6D}"
EndProject
Project("{FAE04EC0-301F-11D3-BF4B-00C04F79EFBC}") = "AppWorksService", "AppWorksService\AppWorksService.csproj", "{FC98B743-3B24-4FF1-85D6-5491F4529E54}"
EndProject
Project("{FAE04EC0-301F-11D3-BF4B-00C04F79EFBC}") = "AppWorks.Utilities", "AppWorks.Utilities\AppWorks.Utilities.csproj", "{29205F19-D6B1-46A8-822F-C5A427C40258}"
EndProject
Project("{FAE04EC0-301F-11D3-BF4B-00C04F79EFBC}") = "AppWorks.UI", "AppWorks.UI\AppWorks.UI.csproj", "{7DEB6BD9-760F-44FD-BA58-1259E8DDCC2A}"
	ProjectSection(ProjectDependencies) = postProject
		{FC98B743-3B24-4FF1-85D6-5491F4529E54} = {FC98B743-3B24-4FF1-85D6-5491F4529E54}
	EndProjectSection
EndProject
Project("{FAE04EC0-301F-11D3-BF4B-00C04F79EFBC}") = "AppWorksService.BAL", "AppWorksService.BAL\AppWorksService.BAL.csproj", "{B0A554C2-2947-4E7C-ADE6-42F79E8797B3}"
EndProject
Project("{6141683F-8A12-4E36-9623-2EB02B2C2303}") = "AppWorks", "AppWorks\AppWorks.isproj", "{20857F87-6241-4F56-803A-E65B462D59F6}"
	ProjectSection(ProjectDependencies) = postProject
		{7DEB6BD9-760F-44FD-BA58-1259E8DDCC2A} = {7DEB6BD9-760F-44FD-BA58-1259E8DDCC2A}
	EndProjectSection
EndProject
Project("{FAE04EC0-301F-11D3-BF4B-00C04F79EFBC}") = "Appworks.Reports", "Appworks.Reports\Appworks.Reports.csproj", "{4DFCAC60-FC66-497A-80EF-D5C8FD99C12C}"
EndProject
Project("{FAE04EC0-301F-11D3-BF4B-00C04F79EFBC}") = "AppWorks.UI.Controls", "AppWorks.UI.Controls\AppWorks.UI.Controls.csproj", "{D281FAB2-0E70-46B1-8BD2-E8BF2CCF5562}"
EndProject
Project("{2150E333-8FDC-42A3-9474-1A3956D46DE8}") = "Tests", "Tests", "{2AC8E12E-FF49-4799-8252-778CEF3BC2F8}"
EndProject
Project("{FAE04EC0-301F-11D3-BF4B-00C04F79EFBC}") = "AppWorks.UI.Tests", "Tests\AppWorks.UI.Tests\AppWorks.UI.Tests.csproj", "{7A033716-A7EF-44DD-A9A0-3B5F7E71617A}"
EndProject
Project("{FAE04EC0-301F-11D3-BF4B-00C04F79EFBC}") = "AppWorks.WCFAuthentication.Lib", "AppWorks.WCFAuthentication.Lib\AppWorks.WCFAuthentication.Lib.csproj", "{0B623995-7348-4184-8F4D-A4408EDFDCEC}"
EndProject
Global
	GlobalSection(SolutionConfigurationPlatforms) = preSolution
		CD_ROM|Any CPU = CD_ROM|Any CPU
		Debug|Any CPU = Debug|Any CPU
		DVD-5|Any CPU = DVD-5|Any CPU
		Release|Any CPU = Release|Any CPU
		SingleImage|Any CPU = SingleImage|Any CPU
	EndGlobalSection
	GlobalSection(ProjectConfigurationPlatforms) = postSolution
		{A708EB9C-2ACF-42F6-BF94-401B9098C2D3}.CD_ROM|Any CPU.ActiveCfg = Release|Any CPU
		{A708EB9C-2ACF-42F6-BF94-401B9098C2D3}.CD_ROM|Any CPU.Build.0 = Release|Any CPU
		{A708EB9C-2ACF-42F6-BF94-401B9098C2D3}.Debug|Any CPU.ActiveCfg = Debug|Any CPU
		{A708EB9C-2ACF-42F6-BF94-401B9098C2D3}.Debug|Any CPU.Build.0 = Debug|Any CPU
		{A708EB9C-2ACF-42F6-BF94-401B9098C2D3}.DVD-5|Any CPU.ActiveCfg = Debug|Any CPU
		{A708EB9C-2ACF-42F6-BF94-401B9098C2D3}.DVD-5|Any CPU.Build.0 = Debug|Any CPU
		{A708EB9C-2ACF-42F6-BF94-401B9098C2D3}.Release|Any CPU.ActiveCfg = Release|Any CPU
		{A708EB9C-2ACF-42F6-BF94-401B9098C2D3}.Release|Any CPU.Build.0 = Release|Any CPU
		{A708EB9C-2ACF-42F6-BF94-401B9098C2D3}.SingleImage|Any CPU.ActiveCfg = Release|Any CPU
		{A708EB9C-2ACF-42F6-BF94-401B9098C2D3}.SingleImage|Any CPU.Build.0 = Release|Any CPU
		{677AF0B1-53BE-4DA4-BAC4-33B932AC8A6D}.CD_ROM|Any CPU.ActiveCfg = Release|Any CPU
		{677AF0B1-53BE-4DA4-BAC4-33B932AC8A6D}.CD_ROM|Any CPU.Build.0 = Release|Any CPU
		{677AF0B1-53BE-4DA4-BAC4-33B932AC8A6D}.Debug|Any CPU.ActiveCfg = Debug|Any CPU
		{677AF0B1-53BE-4DA4-BAC4-33B932AC8A6D}.Debug|Any CPU.Build.0 = Debug|Any CPU
		{677AF0B1-53BE-4DA4-BAC4-33B932AC8A6D}.DVD-5|Any CPU.ActiveCfg = Debug|Any CPU
		{677AF0B1-53BE-4DA4-BAC4-33B932AC8A6D}.DVD-5|Any CPU.Build.0 = Debug|Any CPU
		{677AF0B1-53BE-4DA4-BAC4-33B932AC8A6D}.Release|Any CPU.ActiveCfg = Release|Any CPU
		{677AF0B1-53BE-4DA4-BAC4-33B932AC8A6D}.Release|Any CPU.Build.0 = Release|Any CPU
		{677AF0B1-53BE-4DA4-BAC4-33B932AC8A6D}.SingleImage|Any CPU.ActiveCfg = Release|Any CPU
		{677AF0B1-53BE-4DA4-BAC4-33B932AC8A6D}.SingleImage|Any CPU.Build.0 = Release|Any CPU
		{FC98B743-3B24-4FF1-85D6-5491F4529E54}.CD_ROM|Any CPU.ActiveCfg = Release|Any CPU
		{FC98B743-3B24-4FF1-85D6-5491F4529E54}.CD_ROM|Any CPU.Build.0 = Release|Any CPU
		{FC98B743-3B24-4FF1-85D6-5491F4529E54}.Debug|Any CPU.ActiveCfg = Debug|Any CPU
		{FC98B743-3B24-4FF1-85D6-5491F4529E54}.Debug|Any CPU.Build.0 = Debug|Any CPU
		{FC98B743-3B24-4FF1-85D6-5491F4529E54}.DVD-5|Any CPU.ActiveCfg = Debug|Any CPU
		{FC98B743-3B24-4FF1-85D6-5491F4529E54}.DVD-5|Any CPU.Build.0 = Debug|Any CPU
		{FC98B743-3B24-4FF1-85D6-5491F4529E54}.Release|Any CPU.ActiveCfg = Release|Any CPU
		{FC98B743-3B24-4FF1-85D6-5491F4529E54}.Release|Any CPU.Build.0 = Release|Any CPU
		{FC98B743-3B24-4FF1-85D6-5491F4529E54}.SingleImage|Any CPU.ActiveCfg = Release|Any CPU
		{FC98B743-3B24-4FF1-85D6-5491F4529E54}.SingleImage|Any CPU.Build.0 = Release|Any CPU
		{29205F19-D6B1-46A8-822F-C5A427C40258}.CD_ROM|Any CPU.ActiveCfg = Release|Any CPU
		{29205F19-D6B1-46A8-822F-C5A427C40258}.CD_ROM|Any CPU.Build.0 = Release|Any CPU
		{29205F19-D6B1-46A8-822F-C5A427C40258}.Debug|Any CPU.ActiveCfg = Debug|Any CPU
		{29205F19-D6B1-46A8-822F-C5A427C40258}.Debug|Any CPU.Build.0 = Debug|Any CPU
		{29205F19-D6B1-46A8-822F-C5A427C40258}.DVD-5|Any CPU.ActiveCfg = Debug|Any CPU
		{29205F19-D6B1-46A8-822F-C5A427C40258}.DVD-5|Any CPU.Build.0 = Debug|Any CPU
		{29205F19-D6B1-46A8-822F-C5A427C40258}.Release|Any CPU.ActiveCfg = Release|Any CPU
		{29205F19-D6B1-46A8-822F-C5A427C40258}.Release|Any CPU.Build.0 = Release|Any CPU
		{29205F19-D6B1-46A8-822F-C5A427C40258}.SingleImage|Any CPU.ActiveCfg = Release|Any CPU
		{29205F19-D6B1-46A8-822F-C5A427C40258}.SingleImage|Any CPU.Build.0 = Release|Any CPU
		{7DEB6BD9-760F-44FD-BA58-1259E8DDCC2A}.CD_ROM|Any CPU.ActiveCfg = Release|Any CPU
		{7DEB6BD9-760F-44FD-BA58-1259E8DDCC2A}.CD_ROM|Any CPU.Build.0 = Release|Any CPU
		{7DEB6BD9-760F-44FD-BA58-1259E8DDCC2A}.Debug|Any CPU.ActiveCfg = Debug|Any CPU
		{7DEB6BD9-760F-44FD-BA58-1259E8DDCC2A}.Debug|Any CPU.Build.0 = Debug|Any CPU
		{7DEB6BD9-760F-44FD-BA58-1259E8DDCC2A}.DVD-5|Any CPU.ActiveCfg = Debug|Any CPU
		{7DEB6BD9-760F-44FD-BA58-1259E8DDCC2A}.DVD-5|Any CPU.Build.0 = Debug|Any CPU
		{7DEB6BD9-760F-44FD-BA58-1259E8DDCC2A}.Release|Any CPU.ActiveCfg = Release|Any CPU
		{7DEB6BD9-760F-44FD-BA58-1259E8DDCC2A}.Release|Any CPU.Build.0 = Release|Any CPU
		{7DEB6BD9-760F-44FD-BA58-1259E8DDCC2A}.SingleImage|Any CPU.ActiveCfg = Release|Any CPU
		{7DEB6BD9-760F-44FD-BA58-1259E8DDCC2A}.SingleImage|Any CPU.Build.0 = Release|Any CPU
		{B0A554C2-2947-4E7C-ADE6-42F79E8797B3}.CD_ROM|Any CPU.ActiveCfg = Release|Any CPU
		{B0A554C2-2947-4E7C-ADE6-42F79E8797B3}.CD_ROM|Any CPU.Build.0 = Release|Any CPU
		{B0A554C2-2947-4E7C-ADE6-42F79E8797B3}.Debug|Any CPU.ActiveCfg = Debug|Any CPU
		{B0A554C2-2947-4E7C-ADE6-42F79E8797B3}.Debug|Any CPU.Build.0 = Debug|Any CPU
		{B0A554C2-2947-4E7C-ADE6-42F79E8797B3}.DVD-5|Any CPU.ActiveCfg = Debug|Any CPU
		{B0A554C2-2947-4E7C-ADE6-42F79E8797B3}.DVD-5|Any CPU.Build.0 = Debug|Any CPU
		{B0A554C2-2947-4E7C-ADE6-42F79E8797B3}.Release|Any CPU.ActiveCfg = Release|Any CPU
		{B0A554C2-2947-4E7C-ADE6-42F79E8797B3}.Release|Any CPU.Build.0 = Release|Any CPU
		{B0A554C2-2947-4E7C-ADE6-42F79E8797B3}.SingleImage|Any CPU.ActiveCfg = Release|Any CPU
		{B0A554C2-2947-4E7C-ADE6-42F79E8797B3}.SingleImage|Any CPU.Build.0 = Release|Any CPU
		{20857F87-6241-4F56-803A-E65B462D59F6}.CD_ROM|Any CPU.ActiveCfg = CD_ROM
		{20857F87-6241-4F56-803A-E65B462D59F6}.CD_ROM|Any CPU.Build.0 = CD_ROM
		{20857F87-6241-4F56-803A-E65B462D59F6}.Debug|Any CPU.ActiveCfg = DVD-5
		{20857F87-6241-4F56-803A-E65B462D59F6}.Debug|Any CPU.Build.0 = DVD-5
		{20857F87-6241-4F56-803A-E65B462D59F6}.DVD-5|Any CPU.ActiveCfg = DVD-5
		{20857F87-6241-4F56-803A-E65B462D59F6}.DVD-5|Any CPU.Build.0 = DVD-5
		{20857F87-6241-4F56-803A-E65B462D59F6}.Release|Any CPU.ActiveCfg = SingleImage
		{20857F87-6241-4F56-803A-E65B462D59F6}.Release|Any CPU.Build.0 = SingleImage
		{20857F87-6241-4F56-803A-E65B462D59F6}.SingleImage|Any CPU.ActiveCfg = SingleImage
		{20857F87-6241-4F56-803A-E65B462D59F6}.SingleImage|Any CPU.Build.0 = SingleImage
		{4DFCAC60-FC66-497A-80EF-D5C8FD99C12C}.CD_ROM|Any CPU.ActiveCfg = Release|Any CPU
		{4DFCAC60-FC66-497A-80EF-D5C8FD99C12C}.CD_ROM|Any CPU.Build.0 = Release|Any CPU
		{4DFCAC60-FC66-497A-80EF-D5C8FD99C12C}.Debug|Any CPU.ActiveCfg = Debug|Any CPU
		{4DFCAC60-FC66-497A-80EF-D5C8FD99C12C}.Debug|Any CPU.Build.0 = Debug|Any CPU
		{4DFCAC60-FC66-497A-80EF-D5C8FD99C12C}.DVD-5|Any CPU.ActiveCfg = Debug|Any CPU
		{4DFCAC60-FC66-497A-80EF-D5C8FD99C12C}.DVD-5|Any CPU.Build.0 = Debug|Any CPU
		{4DFCAC60-FC66-497A-80EF-D5C8FD99C12C}.Release|Any CPU.ActiveCfg = Release|Any CPU
		{4DFCAC60-FC66-497A-80EF-D5C8FD99C12C}.Release|Any CPU.Build.0 = Release|Any CPU
		{4DFCAC60-FC66-497A-80EF-D5C8FD99C12C}.SingleImage|Any CPU.ActiveCfg = Release|Any CPU
		{4DFCAC60-FC66-497A-80EF-D5C8FD99C12C}.SingleImage|Any CPU.Build.0 = Release|Any CPU
		{D281FAB2-0E70-46B1-8BD2-E8BF2CCF5562}.CD_ROM|Any CPU.ActiveCfg = Release|Any CPU
		{D281FAB2-0E70-46B1-8BD2-E8BF2CCF5562}.CD_ROM|Any CPU.Build.0 = Release|Any CPU
		{D281FAB2-0E70-46B1-8BD2-E8BF2CCF5562}.Debug|Any CPU.ActiveCfg = Debug|Any CPU
		{D281FAB2-0E70-46B1-8BD2-E8BF2CCF5562}.Debug|Any CPU.Build.0 = Debug|Any CPU
		{D281FAB2-0E70-46B1-8BD2-E8BF2CCF5562}.DVD-5|Any CPU.ActiveCfg = Debug|Any CPU
		{D281FAB2-0E70-46B1-8BD2-E8BF2CCF5562}.DVD-5|Any CPU.Build.0 = Debug|Any CPU
		{D281FAB2-0E70-46B1-8BD2-E8BF2CCF5562}.Release|Any CPU.ActiveCfg = Release|Any CPU
		{D281FAB2-0E70-46B1-8BD2-E8BF2CCF5562}.Release|Any CPU.Build.0 = Release|Any CPU
		{D281FAB2-0E70-46B1-8BD2-E8BF2CCF5562}.SingleImage|Any CPU.ActiveCfg = Release|Any CPU
		{D281FAB2-0E70-46B1-8BD2-E8BF2CCF5562}.SingleImage|Any CPU.Build.0 = Release|Any CPU
		{7A033716-A7EF-44DD-A9A0-3B5F7E71617A}.CD_ROM|Any CPU.ActiveCfg = Release|Any CPU
		{7A033716-A7EF-44DD-A9A0-3B5F7E71617A}.CD_ROM|Any CPU.Build.0 = Release|Any CPU
		{7A033716-A7EF-44DD-A9A0-3B5F7E71617A}.Debug|Any CPU.ActiveCfg = Debug|Any CPU
		{7A033716-A7EF-44DD-A9A0-3B5F7E71617A}.Debug|Any CPU.Build.0 = Debug|Any CPU
		{7A033716-A7EF-44DD-A9A0-3B5F7E71617A}.DVD-5|Any CPU.ActiveCfg = Debug|Any CPU
		{7A033716-A7EF-44DD-A9A0-3B5F7E71617A}.DVD-5|Any CPU.Build.0 = Debug|Any CPU
		{7A033716-A7EF-44DD-A9A0-3B5F7E71617A}.Release|Any CPU.ActiveCfg = Release|Any CPU
		{7A033716-A7EF-44DD-A9A0-3B5F7E71617A}.Release|Any CPU.Build.0 = Release|Any CPU
		{7A033716-A7EF-44DD-A9A0-3B5F7E71617A}.SingleImage|Any CPU.ActiveCfg = Release|Any CPU
		{7A033716-A7EF-44DD-A9A0-3B5F7E71617A}.SingleImage|Any CPU.Build.0 = Release|Any CPU
		{0B623995-7348-4184-8F4D-A4408EDFDCEC}.CD_ROM|Any CPU.ActiveCfg = Release|Any CPU
		{0B623995-7348-4184-8F4D-A4408EDFDCEC}.CD_ROM|Any CPU.Build.0 = Release|Any CPU
		{0B623995-7348-4184-8F4D-A4408EDFDCEC}.Debug|Any CPU.ActiveCfg = Debug|Any CPU
		{0B623995-7348-4184-8F4D-A4408EDFDCEC}.Debug|Any CPU.Build.0 = Debug|Any CPU
		{0B623995-7348-4184-8F4D-A4408EDFDCEC}.DVD-5|Any CPU.ActiveCfg = Debug|Any CPU
		{0B623995-7348-4184-8F4D-A4408EDFDCEC}.DVD-5|Any CPU.Build.0 = Debug|Any CPU
		{0B623995-7348-4184-8F4D-A4408EDFDCEC}.Release|Any CPU.ActiveCfg = Release|Any CPU
		{0B623995-7348-4184-8F4D-A4408EDFDCEC}.Release|Any CPU.Build.0 = Release|Any CPU
		{0B623995-7348-4184-8F4D-A4408EDFDCEC}.SingleImage|Any CPU.ActiveCfg = Release|Any CPU
		{0B623995-7348-4184-8F4D-A4408EDFDCEC}.SingleImage|Any CPU.Build.0 = Release|Any CPU
	EndGlobalSection
	GlobalSection(SolutionProperties) = preSolution
		HideSolutionNode = FALSE
	EndGlobalSection
	GlobalSection(NestedProjects) = preSolution
		{7A033716-A7EF-44DD-A9A0-3B5F7E71617A} = {2AC8E12E-FF49-4799-8252-778CEF3BC2F8}
	EndGlobalSection
EndGlobal
